<Solution>
  <Folder Name="/src/">
    <Project Path="src/Novolis.CodeGen.Reflection/Novolis.CodeGen.Reflection.csproj" />
    <Project Path="src/Novolis.CodeGen.Reflection.Dump/Novolis.CodeGen.Reflection.Dump.csproj" />
    <Project Path="src/Novolis.CodeGen.Reflection.ClassDiagram/Novolis.CodeGen.Reflection.ClassDiagram.csproj" />
  </Folder>
  <Folder Name="/tests/">
    <Project Path="tests/Novolis.CodeGen.Unit/Novolis.CodeGen.Unit.csproj" />
    </Folder>
</Solution>
